
Microsoft Visual Studio Solution File, Format Version 12.00
# Visual Studio 15
VisualStudioVersion = 15.0.28010.2041
MinimumVisualStudioVersion = 10.0.40219.1
Project("{8BC9CEB8-8B4A-11D0-8D11-00A0C91BC942}") = "DN4", "DN4\DN4.vcxproj", "{2A5577C7-1723-4B74-8764-1A3B43B28D76}"
EndProject
Global
	GlobalSection(SolutionConfigurationPlatforms) = preSolution
		Debug|x64 = Debug|x64
		Debug|x86 = Debug|x86
		Release|x64 = Release|x64
		Release|x86 = Release|x86
	EndGlobalSection
	GlobalSection(ProjectConfigurationPlatforms) = postSolution
		{2A5577C7-1723-4B74-8764-1A3B43B28D76}.Debug|x64.ActiveCfg = Debug|x64
		{2A5577C7-1723-4B74-8764-1A3B43B28D76}.Debug|x64.Build.0 = Debug|x64
		{2A5577C7-1723-4B74-8764-1A3B43B28D76}.Debug|x86.ActiveCfg = Debug|Win32
		{2A5577C7-1723-4B74-8764-1A3B43B28D76}.Debug|x86.Build.0 = Debug|Win32
		{2A5577C7-1723-4B74-8764-1A3B43B28D76}.Release|x64.ActiveCfg = Release|x64
		{2A5577C7-1723-4B74-8764-1A3B43B28D76}.Release|x64.Build.0 = Release|x64
		{2A5577C7-1723-4B74-8764-1A3B43B28D76}.Release|x86.ActiveCfg = Release|Win32
		{2A5577C7-1723-4B74-8764-1A3B43B28D76}.Release|x86.Build.0 = Release|Win32
	EndGlobalSection
	GlobalSection(SolutionProperties) = preSolution
		HideSolutionNode = FALSE
	EndGlobalSection
	GlobalSection(ExtensibilityGlobals) = postSolution
		SolutionGuid = {AAE06B6B-6D25-4BB0-AFA6-5C96E7978A08}
	EndGlobalSection
EndGlobal
